# THIS IS AN AUTOGENERATED FILE. DO NOT EDIT THIS FILE DIRECTLY.
# yarn lockfile v1


"@babel/helper-module-imports@^7.10.4":
  version "7.10.4"
  resolved "http://npm.meitu-int.com/@babel%2fhelper-module-imports/-/helper-module-imports-7.10.4.tgz#4c5c54be04bd31670a7382797d75b9fa2e5b5620"
  integrity sha1-TFxUvgS9MWcKc4J5fXW5+i5bViA=
  dependencies:
    "@babel/types" "^7.10.4"

"@babel/helper-plugin-utils@^7.10.4":
  version "7.10.4"
  resolved "http://npm.meitu-int.com/@babel%2fhelper-plugin-utils/-/helper-plugin-utils-7.10.4.tgz#2f75a831269d4f677de49986dff59927533cf375"
  integrity sha1-L3WoMSadT2d95JmG3/WZJ1M883U=

"@babel/helper-validator-identifier@^7.10.4":
  version "7.10.4"
  resolved "http://npm.meitu-int.com/@babel%2fhelper-validator-identifier/-/helper-validator-identifier-7.10.4.tgz#a78c7a7251e01f616512d31b10adcf52ada5e0d2"
  integrity sha1-p4x6clHgH2FlEtMbEK3PUq2l4NI=

"@babel/plugin-syntax-jsx@^7.10.4":
  version "7.10.4"
  resolved "http://npm.meitu-int.com/@babel%2fplugin-syntax-jsx/-/plugin-syntax-jsx-7.10.4.tgz#39abaae3cbf710c4373d8429484e6ba21340166c"
  integrity sha1-Oauq48v3EMQ3PYQpSE5rohNAFmw=
  dependencies:
    "@babel/helper-plugin-utils" "^7.10.4"

"@babel/types@^7.10.4":
  version "7.11.0"
  resolved "http://npm.meitu-int.com/@babel%2ftypes/-/types-7.11.0.tgz#2ae6bf1ba9ae8c3c43824e5861269871b206e90d"
  integrity sha1-Kua/G6mujDxDgk5YYSaYcbIG6Q0=
  dependencies:
    "@babel/helper-validator-identifier" "^7.10.4"
    lodash "^4.17.19"
    to-fast-properties "^2.0.0"

html-tags@^3.1.0:
  version "3.1.0"
  resolved "http://npm.meitu-int.com/html-tags/-/html-tags-3.1.0.tgz#7b5e6f7e665e9fb41f30007ed9e0d41e97fb2140"
  integrity sha1-e15vfmZen7QfMAB+2eDUHpf7IUA=

lodash@^4.17.19:
  version "4.17.19"
  resolved "http://npm.meitu-int.com/lodash/-/lodash-4.17.19.tgz#e48ddedbe30b3321783c5b4301fbd353bc1e4a4b"
  integrity sha1-5I3e2+MLMyF4PFtDAfvTU7weSks=

to-fast-properties@^2.0.0:
  version "2.0.0"
  resolved "http://npm.meitu-int.com/to-fast-properties/-/to-fast-properties-2.0.0.tgz#dc5e698cbd079265bc73e0377681a4e4e83f616e"
  integrity sha1-3F5pjL0HkmW8c+A3doGk5Og/YW4=
