# THIS IS AN AUTOGENERATED FILE. DO NOT EDIT THIS FILE DIRECTLY.
# yarn lockfile v1


omit.js@^2.0.2:
  version "2.0.2"
  resolved "http://npm.meitu-int.com/omit.js/-/omit.js-2.0.2.tgz#dd9b8436fab947a5f3ff214cb2538631e313ec2f"
  integrity sha1-3ZuENvq5R6Xz/yFMslOGMeMT7C8=

resize-observer-polyfill@^1.5.1:
  version "1.5.1"
  resolved "http://npm.meitu-int.com/resize-observer-polyfill/-/resize-observer-polyfill-1.5.1.tgz#0e9020dd3d21024458d4ebd27e23e40269810464"
  integrity sha1-DpAg3T0hAkRY1OvSfiPkAmmBBGQ=

shallowequal@^1.1.0:
  version "1.1.0"
  resolved "http://npm.meitu-int.com/shallowequal/-/shallowequal-1.1.0.tgz#188d521de95b9087404fd4dcb68b13df0ae4e7f8"
  integrity sha1-GI1SHelbkIdAT9TctosT3wrk5/g=
